
Microsoft Visual Studio Solution File, Format Version 12.00
# Visual Studio Version 17
VisualStudioVersion = 17.3.32929.385
MinimumVisualStudioVersion = 10.0.40219.1
Project("{9A19103F-16F7-4668-BE54-9A1E7A4F7556}") = "BszScheduleFeedFunctionIsolated", "src\BszScheduleFeedIsolated\BszScheduleFeedFunctionIsolated.csproj", "{1A1D48CC-F18C-4FE1-BB61-B259C70010B3}"
EndProject
Project("{9A19103F-16F7-4668-BE54-9A1E7A4F7556}") = "BszScheduleFeed", "src\BszScheduleFeed\BszScheduleFeed.csproj", "{271D3E7A-C08B-46BC-900F-58C35D6FAEE6}"
EndProject
Global
	GlobalSection(SolutionConfigurationPlatforms) = preSolution
		Debug|Any CPU = Debug|Any CPU
		Release|Any CPU = Release|Any CPU
	EndGlobalSection
	GlobalSection(ProjectConfigurationPlatforms) = postSolution
		{1A1D48CC-F18C-4FE1-BB61-B259C70010B3}.Debug|Any CPU.ActiveCfg = Debug|Any CPU
		{1A1D48CC-F18C-4FE1-BB61-B259C70010B3}.Debug|Any CPU.Build.0 = Debug|Any CPU
		{1A1D48CC-F18C-4FE1-BB61-B259C70010B3}.Release|Any CPU.ActiveCfg = Release|Any CPU
		{1A1D48CC-F18C-4FE1-BB61-B259C70010B3}.Release|Any CPU.Build.0 = Release|Any CPU
		{271D3E7A-C08B-46BC-900F-58C35D6FAEE6}.Debug|Any CPU.ActiveCfg = Debug|Any CPU
		{271D3E7A-C08B-46BC-900F-58C35D6FAEE6}.Debug|Any CPU.Build.0 = Debug|Any CPU
		{271D3E7A-C08B-46BC-900F-58C35D6FAEE6}.Release|Any CPU.ActiveCfg = Release|Any CPU
		{271D3E7A-C08B-46BC-900F-58C35D6FAEE6}.Release|Any CPU.Build.0 = Release|Any CPU
	EndGlobalSection
	GlobalSection(SolutionProperties) = preSolution
		HideSolutionNode = FALSE
	EndGlobalSection
	GlobalSection(ExtensibilityGlobals) = postSolution
		SolutionGuid = {294B078E-B104-4525-9E38-0D84D311C5BC}
	EndGlobalSection
EndGlobal
